
Microsoft Visual Studio Solution File, Format Version 12.00
# Visual Studio 2012
Project("{FAE04EC0-301F-11D3-BF4B-00C04F79EFBC}") = "Buckminster", "Buckminster\Buckminster.csproj", "{91FAB2F8-3619-41B2-AFF3-F7716C86BB3C}"
EndProject
Project("{FAE04EC0-301F-11D3-BF4B-00C04F79EFBC}") = "BuckminsterTest", "BuckminsterTest\BuckminsterTest.csproj", "{AE948A4C-481F-4602-97C5-B35E323EB11D}"
EndProject
Project("{7CF6DF6D-3B04-46F8-A40B-537D21BCA0B4}") = "Documentation", "Documentation\Documentation.shfbproj", "{F2BD89E8-8DAD-4F6C-ACE7-DCC3240C9C09}"
EndProject
Global
	GlobalSection(SolutionConfigurationPlatforms) = preSolution
		Debug|Any CPU = Debug|Any CPU
		Debug64|Any CPU = Debug64|Any CPU
		Release|Any CPU = Release|Any CPU
	EndGlobalSection
	GlobalSection(ProjectConfigurationPlatforms) = postSolution
		{91FAB2F8-3619-41B2-AFF3-F7716C86BB3C}.Debug|Any CPU.ActiveCfg = Debug64|Any CPU
		{91FAB2F8-3619-41B2-AFF3-F7716C86BB3C}.Debug|Any CPU.Build.0 = Debug64|Any CPU
		{91FAB2F8-3619-41B2-AFF3-F7716C86BB3C}.Debug64|Any CPU.ActiveCfg = Debug64|Any CPU
		{91FAB2F8-3619-41B2-AFF3-F7716C86BB3C}.Debug64|Any CPU.Build.0 = Debug64|Any CPU
		{91FAB2F8-3619-41B2-AFF3-F7716C86BB3C}.Release|Any CPU.ActiveCfg = Release|Any CPU
		{91FAB2F8-3619-41B2-AFF3-F7716C86BB3C}.Release|Any CPU.Build.0 = Release|Any CPU
		{AE948A4C-481F-4602-97C5-B35E323EB11D}.Debug|Any CPU.ActiveCfg = Debug|Any CPU
		{AE948A4C-481F-4602-97C5-B35E323EB11D}.Debug|Any CPU.Build.0 = Debug|Any CPU
		{AE948A4C-481F-4602-97C5-B35E323EB11D}.Debug64|Any CPU.ActiveCfg = Debug|Any CPU
		{AE948A4C-481F-4602-97C5-B35E323EB11D}.Debug64|Any CPU.Build.0 = Debug|Any CPU
		{AE948A4C-481F-4602-97C5-B35E323EB11D}.Release|Any CPU.ActiveCfg = Release|Any CPU
		{AE948A4C-481F-4602-97C5-B35E323EB11D}.Release|Any CPU.Build.0 = Release|Any CPU
		{F2BD89E8-8DAD-4F6C-ACE7-DCC3240C9C09}.Debug|Any CPU.ActiveCfg = Debug|Any CPU
		{F2BD89E8-8DAD-4F6C-ACE7-DCC3240C9C09}.Debug|Any CPU.Build.0 = Debug|Any CPU
		{F2BD89E8-8DAD-4F6C-ACE7-DCC3240C9C09}.Debug64|Any CPU.ActiveCfg = Debug|Any CPU
		{F2BD89E8-8DAD-4F6C-ACE7-DCC3240C9C09}.Debug64|Any CPU.Build.0 = Debug|Any CPU
		{F2BD89E8-8DAD-4F6C-ACE7-DCC3240C9C09}.Release|Any CPU.ActiveCfg = Release|Any CPU
		{F2BD89E8-8DAD-4F6C-ACE7-DCC3240C9C09}.Release|Any CPU.Build.0 = Release|Any CPU
	EndGlobalSection
	GlobalSection(SolutionProperties) = preSolution
		HideSolutionNode = FALSE
	EndGlobalSection
EndGlobal
